
Microsoft Visual Studio Solution File, Format Version 12.00
# Visual Studio 15
VisualStudioVersion = 15.0.27703.2042
MinimumVisualStudioVersion = 10.0.40219.1
Project("{FAE04EC0-301F-11D3-BF4B-00C04F79EFBC}") = "GeneralExample", "GeneralExample\GeneralExample.csproj", "{62EDE2A9-EB02-423C-9CDC-225293854089}"
EndProject
Global
	GlobalSection(SolutionConfigurationPlatforms) = preSolution
		Debug|Any CPU = Debug|Any CPU
		Release|Any CPU = Release|Any CPU
	EndGlobalSection
	GlobalSection(ProjectConfigurationPlatforms) = postSolution
		{62EDE2A9-EB02-423C-9CDC-225293854089}.Debug|Any CPU.ActiveCfg = Debug|Any CPU
		{62EDE2A9-EB02-423C-9CDC-225293854089}.Debug|Any CPU.Build.0 = Debug|Any CPU
		{62EDE2A9-EB02-423C-9CDC-225293854089}.Release|Any CPU.ActiveCfg = Release|Any CPU
		{62EDE2A9-EB02-423C-9CDC-225293854089}.Release|Any CPU.Build.0 = Release|Any CPU
	EndGlobalSection
	GlobalSection(SolutionProperties) = preSolution
		HideSolutionNode = FALSE
	EndGlobalSection
	GlobalSection(ExtensibilityGlobals) = postSolution
		SolutionGuid = {00F33B8F-F3E6-46B5-8CE2-67344904CDE0}
	EndGlobalSection
EndGlobal
